
Microsoft Visual Studio Solution File, Format Version 12.00
# Visual Studio 15
VisualStudioVersion = 15.0.28307.168
MinimumVisualStudioVersion = 10.0.40219.1
Project("{FAE04EC0-301F-11D3-BF4B-00C04F79EFBC}") = "Environmental_Economy", "Environmental_Economy\Environmental_Economy.csproj", "{DEE7F749-24D6-4A85-8EF3-D412C7727AE3}"
EndProject
Global
	GlobalSection(SolutionConfigurationPlatforms) = preSolution
		Debug|Any CPU = Debug|Any CPU
		Release|Any CPU = Release|Any CPU
	EndGlobalSection
	GlobalSection(ProjectConfigurationPlatforms) = postSolution
		{DEE7F749-24D6-4A85-8EF3-D412C7727AE3}.Debug|Any CPU.ActiveCfg = Debug|Any CPU
		{DEE7F749-24D6-4A85-8EF3-D412C7727AE3}.Debug|Any CPU.Build.0 = Debug|Any CPU
		{DEE7F749-24D6-4A85-8EF3-D412C7727AE3}.Release|Any CPU.ActiveCfg = Release|Any CPU
		{DEE7F749-24D6-4A85-8EF3-D412C7727AE3}.Release|Any CPU.Build.0 = Release|Any CPU
	EndGlobalSection
	GlobalSection(SolutionProperties) = preSolution
		HideSolutionNode = FALSE
	EndGlobalSection
	GlobalSection(ExtensibilityGlobals) = postSolution
		SolutionGuid = {7CD1A025-B448-4DA6-83B8-0E371F5CC5CA}
	EndGlobalSection
EndGlobal
